
Microsoft Visual Studio Solution File, Format Version 12.00
# Visual Studio 15
Project("{FAE04EC0-301F-11D3-BF4B-00C04F79EFBC}") = "Assembly-CSharp", "Assembly-CSharp.csproj", "{9BCF0B79-221E-DFD4-A913-80C49B630F65}"
EndProject
Project("{FAE04EC0-301F-11D3-BF4B-00C04F79EFBC}") = "Assembly-CSharp-Editor", "Assembly-CSharp-Editor.csproj", "{D842C97A-58D1-64CB-669A-F334B23EE5A8}"
EndProject
Global
	GlobalSection(SolutionConfigurationPlatforms) = preSolution
		Debug|Any CPU = Debug|Any CPU
		Release|Any CPU = Release|Any CPU
	EndGlobalSection
	GlobalSection(ProjectConfigurationPlatforms) = postSolution
		{9BCF0B79-221E-DFD4-A913-80C49B630F65}.Debug|Any CPU.ActiveCfg = Debug|Any CPU
		{9BCF0B79-221E-DFD4-A913-80C49B630F65}.Debug|Any CPU.Build.0 = Debug|Any CPU
		{9BCF0B79-221E-DFD4-A913-80C49B630F65}.Release|Any CPU.ActiveCfg = Release|Any CPU
		{9BCF0B79-221E-DFD4-A913-80C49B630F65}.Release|Any CPU.Build.0 = Release|Any CPU
		{D842C97A-58D1-64CB-669A-F334B23EE5A8}.Debug|Any CPU.ActiveCfg = Debug|Any CPU
		{D842C97A-58D1-64CB-669A-F334B23EE5A8}.Debug|Any CPU.Build.0 = Debug|Any CPU
		{D842C97A-58D1-64CB-669A-F334B23EE5A8}.Release|Any CPU.ActiveCfg = Release|Any CPU
		{D842C97A-58D1-64CB-669A-F334B23EE5A8}.Release|Any CPU.Build.0 = Release|Any CPU
	EndGlobalSection
	GlobalSection(SolutionProperties) = preSolution
		HideSolutionNode = FALSE
	EndGlobalSection
EndGlobal
